
Microsoft Visual Studio Solution File, Format Version 12.00
# Visual Studio Version 17
VisualStudioVersion = 17.0.31903.59
MinimumVisualStudioVersion = 10.0.40219.1
Project("{FAE04EC0-301F-11D3-BF4B-00C04F79EFBC}") = "u1_merhaba", "u1_merhaba\u1_merhaba.csproj", "{F02A1B35-F21F-4CB6-96BC-AAED683ECDBE}"
EndProject
Project("{FAE04EC0-301F-11D3-BF4B-00C04F79EFBC}") = "u2_degiskenler", "u2_degiskenler\u2_degiskenler.csproj", "{AEC42A51-0F48-48CD-811E-46F65D2326AF}"
EndProject
Project("{FAE04EC0-301F-11D3-BF4B-00C04F79EFBC}") = "u3_klavyedenokuma", "u3_klavyedenokuma\u3_klavyedenokuma.csproj", "{4DE8E96F-650F-4EB0-A6EE-5D7EC62BE089}"
EndProject
Project("{FAE04EC0-301F-11D3-BF4B-00C04F79EFBC}") = "u4_ikisayi_topla", "u4_ikisayi_topla\u4_ikisayi_topla.csproj", "{AA7135A6-3BB3-4F7B-B2C2-6B07416960B4}"
EndProject
Project("{FAE04EC0-301F-11D3-BF4B-00C04F79EFBC}") = "u5_metin_birlestirme", "u5_metin_birlestirme\u5_metin_birlestirme.csproj", "{FD191709-E6B6-4FB5-B1AB-A3A2819C021F}"
EndProject
Project("{FAE04EC0-301F-11D3-BF4B-00C04F79EFBC}") = "u6_alan_ve_cevre", "u6_alan_ve_cevre\u6_alan_ve_cevre.csproj", "{53E2F907-66DC-40A9-A156-4EADC75ADA65}"
EndProject
Project("{FAE04EC0-301F-11D3-BF4B-00C04F79EFBC}") = "u7_not_ortalama", "u7_not_ortalama\u7_not_ortalama.csproj", "{010B5C3A-1EF0-488B-8073-A324C44A6CB0}"
EndProject
Project("{FAE04EC0-301F-11D3-BF4B-00C04F79EFBC}") = "u8_operatorler", "u8_operatorler\u8_operatorler.csproj", "{6684DE67-55E3-428E-8C0E-FAFEEC5EBDA5}"
EndProject
Project("{FAE04EC0-301F-11D3-BF4B-00C04F79EFBC}") = "u9_tekrar", "u9_tekrar\u9_tekrar.csproj", "{74E28B2C-856D-428F-A579-3E8B3A8395D4}"
EndProject
Project("{FAE04EC0-301F-11D3-BF4B-00C04F79EFBC}") = "u10_kosullu_ifadeler", "u10_kosullu_ifadeler\u10_kosullu_ifadeler.csproj", "{8A46E55F-311A-4FC3-9E58-C6F70CABBF51}"
EndProject
Project("{FAE04EC0-301F-11D3-BF4B-00C04F79EFBC}") = "u11_buyuk_kucuk_bul", "u11_buyuk_kucuk_bul\u11_buyuk_kucuk_bul.csproj", "{C598BF6B-5B57-4675-A365-55BA8C65D2CF}"
EndProject
Project("{FAE04EC0-301F-11D3-BF4B-00C04F79EFBC}") = "u12_not_ortalamasi", "u12_not_ortalamasi\u12_not_ortalamasi.csproj", "{ABB5E2F3-C523-4BD2-BC5F-A938CA38D28F}"
EndProject
Project("{FAE04EC0-301F-11D3-BF4B-00C04F79EFBC}") = "u13_askerlik_durumu", "u13_askerlik_durumu\u13_askerlik_durumu.csproj", "{65088D63-29A0-4980-89E0-45EC94619500}"
EndProject
Project("{FAE04EC0-301F-11D3-BF4B-00C04F79EFBC}") = "u14_switch_ile_gunler", "u14_switch_ile_gunler\u14_switch_ile_gunler.csproj", "{967A264E-7426-4EF2-A8CB-59C044A02936}"
EndProject
Project("{FAE04EC0-301F-11D3-BF4B-00C04F79EFBC}") = "u15_switch_ile_secim", "u15_switch_ile_secim\u15_switch_ile_secim.csproj", "{19D629B4-E316-4805-BFEE-29912106A1E9}"
EndProject
Project("{FAE04EC0-301F-11D3-BF4B-00C04F79EFBC}") = "u16_for_dongusu", "u16_for_dongusu\u16_for_dongusu.csproj", "{29D388D2-1411-441A-97D5-FB6DFB6EF383}"
EndProject
Global
	GlobalSection(SolutionConfigurationPlatforms) = preSolution
		Debug|Any CPU = Debug|Any CPU
		Release|Any CPU = Release|Any CPU
	EndGlobalSection
	GlobalSection(SolutionProperties) = preSolution
		HideSolutionNode = FALSE
	EndGlobalSection
	GlobalSection(ProjectConfigurationPlatforms) = postSolution
		{F02A1B35-F21F-4CB6-96BC-AAED683ECDBE}.Debug|Any CPU.ActiveCfg = Debug|Any CPU
		{F02A1B35-F21F-4CB6-96BC-AAED683ECDBE}.Debug|Any CPU.Build.0 = Debug|Any CPU
		{F02A1B35-F21F-4CB6-96BC-AAED683ECDBE}.Release|Any CPU.ActiveCfg = Release|Any CPU
		{F02A1B35-F21F-4CB6-96BC-AAED683ECDBE}.Release|Any CPU.Build.0 = Release|Any CPU
		{AEC42A51-0F48-48CD-811E-46F65D2326AF}.Debug|Any CPU.ActiveCfg = Debug|Any CPU
		{AEC42A51-0F48-48CD-811E-46F65D2326AF}.Debug|Any CPU.Build.0 = Debug|Any CPU
		{AEC42A51-0F48-48CD-811E-46F65D2326AF}.Release|Any CPU.ActiveCfg = Release|Any CPU
		{AEC42A51-0F48-48CD-811E-46F65D2326AF}.Release|Any CPU.Build.0 = Release|Any CPU
		{4DE8E96F-650F-4EB0-A6EE-5D7EC62BE089}.Debug|Any CPU.ActiveCfg = Debug|Any CPU
		{4DE8E96F-650F-4EB0-A6EE-5D7EC62BE089}.Debug|Any CPU.Build.0 = Debug|Any CPU
		{4DE8E96F-650F-4EB0-A6EE-5D7EC62BE089}.Release|Any CPU.ActiveCfg = Release|Any CPU
		{4DE8E96F-650F-4EB0-A6EE-5D7EC62BE089}.Release|Any CPU.Build.0 = Release|Any CPU
		{AA7135A6-3BB3-4F7B-B2C2-6B07416960B4}.Debug|Any CPU.ActiveCfg = Debug|Any CPU
		{AA7135A6-3BB3-4F7B-B2C2-6B07416960B4}.Debug|Any CPU.Build.0 = Debug|Any CPU
		{AA7135A6-3BB3-4F7B-B2C2-6B07416960B4}.Release|Any CPU.ActiveCfg = Release|Any CPU
		{AA7135A6-3BB3-4F7B-B2C2-6B07416960B4}.Release|Any CPU.Build.0 = Release|Any CPU
		{FD191709-E6B6-4FB5-B1AB-A3A2819C021F}.Debug|Any CPU.ActiveCfg = Debug|Any CPU
		{FD191709-E6B6-4FB5-B1AB-A3A2819C021F}.Debug|Any CPU.Build.0 = Debug|Any CPU
		{FD191709-E6B6-4FB5-B1AB-A3A2819C021F}.Release|Any CPU.ActiveCfg = Release|Any CPU
		{FD191709-E6B6-4FB5-B1AB-A3A2819C021F}.Release|Any CPU.Build.0 = Release|Any CPU
		{53E2F907-66DC-40A9-A156-4EADC75ADA65}.Debug|Any CPU.ActiveCfg = Debug|Any CPU
		{53E2F907-66DC-40A9-A156-4EADC75ADA65}.Debug|Any CPU.Build.0 = Debug|Any CPU
		{53E2F907-66DC-40A9-A156-4EADC75ADA65}.Release|Any CPU.ActiveCfg = Release|Any CPU
		{53E2F907-66DC-40A9-A156-4EADC75ADA65}.Release|Any CPU.Build.0 = Release|Any CPU
		{010B5C3A-1EF0-488B-8073-A324C44A6CB0}.Debug|Any CPU.ActiveCfg = Debug|Any CPU
		{010B5C3A-1EF0-488B-8073-A324C44A6CB0}.Debug|Any CPU.Build.0 = Debug|Any CPU
		{010B5C3A-1EF0-488B-8073-A324C44A6CB0}.Release|Any CPU.ActiveCfg = Release|Any CPU
		{010B5C3A-1EF0-488B-8073-A324C44A6CB0}.Release|Any CPU.Build.0 = Release|Any CPU
		{6684DE67-55E3-428E-8C0E-FAFEEC5EBDA5}.Debug|Any CPU.ActiveCfg = Debug|Any CPU
		{6684DE67-55E3-428E-8C0E-FAFEEC5EBDA5}.Debug|Any CPU.Build.0 = Debug|Any CPU
		{6684DE67-55E3-428E-8C0E-FAFEEC5EBDA5}.Release|Any CPU.ActiveCfg = Release|Any CPU
		{6684DE67-55E3-428E-8C0E-FAFEEC5EBDA5}.Release|Any CPU.Build.0 = Release|Any CPU
		{74E28B2C-856D-428F-A579-3E8B3A8395D4}.Debug|Any CPU.ActiveCfg = Debug|Any CPU
		{74E28B2C-856D-428F-A579-3E8B3A8395D4}.Debug|Any CPU.Build.0 = Debug|Any CPU
		{74E28B2C-856D-428F-A579-3E8B3A8395D4}.Release|Any CPU.ActiveCfg = Release|Any CPU
		{74E28B2C-856D-428F-A579-3E8B3A8395D4}.Release|Any CPU.Build.0 = Release|Any CPU
		{8A46E55F-311A-4FC3-9E58-C6F70CABBF51}.Debug|Any CPU.ActiveCfg = Debug|Any CPU
		{8A46E55F-311A-4FC3-9E58-C6F70CABBF51}.Debug|Any CPU.Build.0 = Debug|Any CPU
		{8A46E55F-311A-4FC3-9E58-C6F70CABBF51}.Release|Any CPU.ActiveCfg = Release|Any CPU
		{8A46E55F-311A-4FC3-9E58-C6F70CABBF51}.Release|Any CPU.Build.0 = Release|Any CPU
		{C598BF6B-5B57-4675-A365-55BA8C65D2CF}.Debug|Any CPU.ActiveCfg = Debug|Any CPU
		{C598BF6B-5B57-4675-A365-55BA8C65D2CF}.Debug|Any CPU.Build.0 = Debug|Any CPU
		{C598BF6B-5B57-4675-A365-55BA8C65D2CF}.Release|Any CPU.ActiveCfg = Release|Any CPU
		{C598BF6B-5B57-4675-A365-55BA8C65D2CF}.Release|Any CPU.Build.0 = Release|Any CPU
		{ABB5E2F3-C523-4BD2-BC5F-A938CA38D28F}.Debug|Any CPU.ActiveCfg = Debug|Any CPU
		{ABB5E2F3-C523-4BD2-BC5F-A938CA38D28F}.Debug|Any CPU.Build.0 = Debug|Any CPU
		{ABB5E2F3-C523-4BD2-BC5F-A938CA38D28F}.Release|Any CPU.ActiveCfg = Release|Any CPU
		{ABB5E2F3-C523-4BD2-BC5F-A938CA38D28F}.Release|Any CPU.Build.0 = Release|Any CPU
		{65088D63-29A0-4980-89E0-45EC94619500}.Debug|Any CPU.ActiveCfg = Debug|Any CPU
		{65088D63-29A0-4980-89E0-45EC94619500}.Debug|Any CPU.Build.0 = Debug|Any CPU
		{65088D63-29A0-4980-89E0-45EC94619500}.Release|Any CPU.ActiveCfg = Release|Any CPU
		{65088D63-29A0-4980-89E0-45EC94619500}.Release|Any CPU.Build.0 = Release|Any CPU
		{967A264E-7426-4EF2-A8CB-59C044A02936}.Debug|Any CPU.ActiveCfg = Debug|Any CPU
		{967A264E-7426-4EF2-A8CB-59C044A02936}.Debug|Any CPU.Build.0 = Debug|Any CPU
		{967A264E-7426-4EF2-A8CB-59C044A02936}.Release|Any CPU.ActiveCfg = Release|Any CPU
		{967A264E-7426-4EF2-A8CB-59C044A02936}.Release|Any CPU.Build.0 = Release|Any CPU
		{19D629B4-E316-4805-BFEE-29912106A1E9}.Debug|Any CPU.ActiveCfg = Debug|Any CPU
		{19D629B4-E316-4805-BFEE-29912106A1E9}.Debug|Any CPU.Build.0 = Debug|Any CPU
		{19D629B4-E316-4805-BFEE-29912106A1E9}.Release|Any CPU.ActiveCfg = Release|Any CPU
		{19D629B4-E316-4805-BFEE-29912106A1E9}.Release|Any CPU.Build.0 = Release|Any CPU
		{29D388D2-1411-441A-97D5-FB6DFB6EF383}.Debug|Any CPU.ActiveCfg = Debug|Any CPU
		{29D388D2-1411-441A-97D5-FB6DFB6EF383}.Debug|Any CPU.Build.0 = Debug|Any CPU
		{29D388D2-1411-441A-97D5-FB6DFB6EF383}.Release|Any CPU.ActiveCfg = Release|Any CPU
		{29D388D2-1411-441A-97D5-FB6DFB6EF383}.Release|Any CPU.Build.0 = Release|Any CPU
	EndGlobalSection
EndGlobal
