
Microsoft Visual Studio Solution File, Format Version 12.00
# Visual Studio Version 17
VisualStudioVersion = 17.0.31903.59
MinimumVisualStudioVersion = 10.0.40219.1
Project("{FAE04EC0-301F-11D3-BF4B-00C04F79EFBC}") = "u1_merhaba", "u1_merhaba\u1_merhaba.csproj", "{F02A1B35-F21F-4CB6-96BC-AAED683ECDBE}"
EndProject
Project("{FAE04EC0-301F-11D3-BF4B-00C04F79EFBC}") = "u2_degiskenler", "u2_degiskenler\u2_degiskenler.csproj", "{AEC42A51-0F48-48CD-811E-46F65D2326AF}"
EndProject
Project("{FAE04EC0-301F-11D3-BF4B-00C04F79EFBC}") = "u3_klavyedenokuma", "u3_klavyedenokuma\u3_klavyedenokuma.csproj", "{4DE8E96F-650F-4EB0-A6EE-5D7EC62BE089}"
EndProject
Project("{FAE04EC0-301F-11D3-BF4B-00C04F79EFBC}") = "u4_ikisayi_topla", "u4_ikisayi_topla\u4_ikisayi_topla.csproj", "{AA7135A6-3BB3-4F7B-B2C2-6B07416960B4}"
EndProject
Global
	GlobalSection(SolutionConfigurationPlatforms) = preSolution
		Debug|Any CPU = Debug|Any CPU
		Release|Any CPU = Release|Any CPU
	EndGlobalSection
	GlobalSection(SolutionProperties) = preSolution
		HideSolutionNode = FALSE
	EndGlobalSection
	GlobalSection(ProjectConfigurationPlatforms) = postSolution
		{F02A1B35-F21F-4CB6-96BC-AAED683ECDBE}.Debug|Any CPU.ActiveCfg = Debug|Any CPU
		{F02A1B35-F21F-4CB6-96BC-AAED683ECDBE}.Debug|Any CPU.Build.0 = Debug|Any CPU
		{F02A1B35-F21F-4CB6-96BC-AAED683ECDBE}.Release|Any CPU.ActiveCfg = Release|Any CPU
		{F02A1B35-F21F-4CB6-96BC-AAED683ECDBE}.Release|Any CPU.Build.0 = Release|Any CPU
		{AEC42A51-0F48-48CD-811E-46F65D2326AF}.Debug|Any CPU.ActiveCfg = Debug|Any CPU
		{AEC42A51-0F48-48CD-811E-46F65D2326AF}.Debug|Any CPU.Build.0 = Debug|Any CPU
		{AEC42A51-0F48-48CD-811E-46F65D2326AF}.Release|Any CPU.ActiveCfg = Release|Any CPU
		{AEC42A51-0F48-48CD-811E-46F65D2326AF}.Release|Any CPU.Build.0 = Release|Any CPU
		{4DE8E96F-650F-4EB0-A6EE-5D7EC62BE089}.Debug|Any CPU.ActiveCfg = Debug|Any CPU
		{4DE8E96F-650F-4EB0-A6EE-5D7EC62BE089}.Debug|Any CPU.Build.0 = Debug|Any CPU
		{4DE8E96F-650F-4EB0-A6EE-5D7EC62BE089}.Release|Any CPU.ActiveCfg = Release|Any CPU
		{4DE8E96F-650F-4EB0-A6EE-5D7EC62BE089}.Release|Any CPU.Build.0 = Release|Any CPU
		{AA7135A6-3BB3-4F7B-B2C2-6B07416960B4}.Debug|Any CPU.ActiveCfg = Debug|Any CPU
		{AA7135A6-3BB3-4F7B-B2C2-6B07416960B4}.Debug|Any CPU.Build.0 = Debug|Any CPU
		{AA7135A6-3BB3-4F7B-B2C2-6B07416960B4}.Release|Any CPU.ActiveCfg = Release|Any CPU
		{AA7135A6-3BB3-4F7B-B2C2-6B07416960B4}.Release|Any CPU.Build.0 = Release|Any CPU
	EndGlobalSection
EndGlobal
